// !$*UTF8*$!
{
	archiveVersion = 1;
	classes = {
	};
	objectVersion = 46;
	objects = {

/* Begin PBXBuildFile section */
		0CC09C98ED60851B88D90451 /* Pods_ZenUITests.framework in Frameworks */ = {isa = PBXBuildFile; fileRef = 480F9EF8FCEC38FA3B9A0125 /* Pods_ZenUITests.framework */; };
		1927F574CCE5FF671720957E /* Pods_ZenTests.framework in Frameworks */ = {isa = PBXBuildFile; fileRef = 100E88B8FF036A46423ACE86 /* Pods_ZenTests.framework */; };
		4307260E1EF0A1A5005C78EE /* AddExpenseViewController.swift in Sources */ = {isa = PBXBuildFile; fileRef = 4307260D1EF0A1A5005C78EE /* AddExpenseViewController.swift */; };
		430726101EF0A1B5005C78EE /* AddIncomeViewController.swift in Sources */ = {isa = PBXBuildFile; fileRef = 4307260F1EF0A1B5005C78EE /* AddIncomeViewController.swift */; };
		4308E3101EEF9BA9003DC1D6 /* CycleDurationViewController.swift in Sources */ = {isa = PBXBuildFile; fileRef = 4308E30F1EEF9BA9003DC1D6 /* CycleDurationViewController.swift */; };
		4308E3121EF03206003DC1D6 /* RecordsViewController.swift in Sources */ = {isa = PBXBuildFile; fileRef = 4308E3111EF03206003DC1D6 /* RecordsViewController.swift */; };
		438D9B6C1EEF86F200831E32 /* CurrencySelectorViewController.swift in Sources */ = {isa = PBXBuildFile; fileRef = 438D9B6B1EEF86F200831E32 /* CurrencySelectorViewController.swift */; };
		43BC89251EECB3EB003FC1CC /* AppDelegate.swift in Sources */ = {isa = PBXBuildFile; fileRef = 43BC89241EECB3EB003FC1CC /* AppDelegate.swift */; };
		43BC89271EECB3EB003FC1CC /* LoginViewController.swift in Sources */ = {isa = PBXBuildFile; fileRef = 43BC89261EECB3EB003FC1CC /* LoginViewController.swift */; };
		43BC892A1EECB3EB003FC1CC /* Main.storyboard in Resources */ = {isa = PBXBuildFile; fileRef = 43BC89281EECB3EB003FC1CC /* Main.storyboard */; };
		43BC892C1EECB3EB003FC1CC /* Assets.xcassets in Resources */ = {isa = PBXBuildFile; fileRef = 43BC892B1EECB3EB003FC1CC /* Assets.xcassets */; };
		43BC892F1EECB3EB003FC1CC /* LaunchScreen.storyboard in Resources */ = {isa = PBXBuildFile; fileRef = 43BC892D1EECB3EB003FC1CC /* LaunchScreen.storyboard */; };
		43BC893A1EECB3EB003FC1CC /* ZenTests.swift in Sources */ = {isa = PBXBuildFile; fileRef = 43BC89391EECB3EB003FC1CC /* ZenTests.swift */; };
		43BC89451EECB3EB003FC1CC /* ZenUITests.swift in Sources */ = {isa = PBXBuildFile; fileRef = 43BC89441EECB3EB003FC1CC /* ZenUITests.swift */; };
		43BC89531EECC13B003FC1CC /* GoogleService-Info.plist in Resources */ = {isa = PBXBuildFile; fileRef = 43BC89521EECC13B003FC1CC /* GoogleService-Info.plist */; };
		43BC89541EECC13B003FC1CC /* GoogleService-Info.plist in Resources */ = {isa = PBXBuildFile; fileRef = 43BC89521EECC13B003FC1CC /* GoogleService-Info.plist */; };
		43BC89551EECC13B003FC1CC /* GoogleService-Info.plist in Resources */ = {isa = PBXBuildFile; fileRef = 43BC89521EECC13B003FC1CC /* GoogleService-Info.plist */; };
		43F2EA7B1EED909300088973 /* PasswordResetViewController.swift in Sources */ = {isa = PBXBuildFile; fileRef = 43F2EA7A1EED909300088973 /* PasswordResetViewController.swift */; };
		43F2EA7F1EEDA2B500088973 /* AboutViewController.swift in Sources */ = {isa = PBXBuildFile; fileRef = 43F2EA7E1EEDA2B500088973 /* AboutViewController.swift */; };
		43F30E151EEDF29E009C5D5C /* SettingsViewController.swift in Sources */ = {isa = PBXBuildFile; fileRef = 43F30E141EEDF29E009C5D5C /* SettingsViewController.swift */; };
		43FBC7431EECDE1100283477 /* BudgetViewController.swift in Sources */ = {isa = PBXBuildFile; fileRef = 43FBC7421EECDE1100283477 /* BudgetViewController.swift */; };
		A78C9A671F8B68AB9F873791 /* Pods_Zen.framework in Frameworks */ = {isa = PBXBuildFile; fileRef = 25552B2254423D5563ED9089 /* Pods_Zen.framework */; };
/* End PBXBuildFile section */

/* Begin PBXContainerItemProxy section */
		43BC89361EECB3EB003FC1CC /* PBXContainerItemProxy */ = {
			isa = PBXContainerItemProxy;
			containerPortal = 43BC89191EECB3EB003FC1CC /* Project object */;
			proxyType = 1;
			remoteGlobalIDString = 43BC89201EECB3EB003FC1CC;
			remoteInfo = Zen;
		};
		43BC89411EECB3EB003FC1CC /* PBXContainerItemProxy */ = {
			isa = PBXContainerItemProxy;
			containerPortal = 43BC89191EECB3EB003FC1CC /* Project object */;
			proxyType = 1;
			remoteGlobalIDString = 43BC89201EECB3EB003FC1CC;
			remoteInfo = Zen;
		};
/* End PBXContainerItemProxy section */

/* Begin PBXFileReference section */
		100E88B8FF036A46423ACE86 /* Pods_ZenTests.framework */ = {isa = PBXFileReference; explicitFileType = wrapper.framework; includeInIndex = 0; path = Pods_ZenTests.framework; sourceTree = BUILT_PRODUCTS_DIR; };
		25552B2254423D5563ED9089 /* Pods_Zen.framework */ = {isa = PBXFileReference; explicitFileType = wrapper.framework; includeInIndex = 0; path = Pods_Zen.framework; sourceTree = BUILT_PRODUCTS_DIR; };
		25E762A5A28B31B024BB874C /* Pods-ZenTests.debug.xcconfig */ = {isa = PBXFileReference; includeInIndex = 1; lastKnownFileType = text.xcconfig; name = "Pods-ZenTests.debug.xcconfig"; path = "Pods/Target Support Files/Pods-ZenTests/Pods-ZenTests.debug.xcconfig"; sourceTree = "<group>"; };
		4307260D1EF0A1A5005C78EE /* AddExpenseViewController.swift */ = {isa = PBXFileReference; fileEncoding = 4; lastKnownFileType = sourcecode.swift; path = AddExpenseViewController.swift; sourceTree = "<group>"; };
		4307260F1EF0A1B5005C78EE /* AddIncomeViewController.swift */ = {isa = PBXFileReference; fileEncoding = 4; lastKnownFileType = sourcecode.swift; path = AddIncomeViewController.swift; sourceTree = "<group>"; };
		4308E30F1EEF9BA9003DC1D6 /* CycleDurationViewController.swift */ = {isa = PBXFileReference; fileEncoding = 4; lastKnownFileType = sourcecode.swift; path = CycleDurationViewController.swift; sourceTree = "<group>"; };
		4308E3111EF03206003DC1D6 /* RecordsViewController.swift */ = {isa = PBXFileReference; fileEncoding = 4; lastKnownFileType = sourcecode.swift; path = RecordsViewController.swift; sourceTree = "<group>"; };
		438D9B6B1EEF86F200831E32 /* CurrencySelectorViewController.swift */ = {isa = PBXFileReference; fileEncoding = 4; lastKnownFileType = sourcecode.swift; path = CurrencySelectorViewController.swift; sourceTree = "<group>"; };
		43BC89211EECB3EB003FC1CC /* Zen.app */ = {isa = PBXFileReference; explicitFileType = wrapper.application; includeInIndex = 0; path = Zen.app; sourceTree = BUILT_PRODUCTS_DIR; };
		43BC89241EECB3EB003FC1CC /* AppDelegate.swift */ = {isa = PBXFileReference; lastKnownFileType = sourcecode.swift; path = AppDelegate.swift; sourceTree = "<group>"; };
		43BC89261EECB3EB003FC1CC /* LoginViewController.swift */ = {isa = PBXFileReference; lastKnownFileType = sourcecode.swift; path = LoginViewController.swift; sourceTree = "<group>"; };
		43BC89291EECB3EB003FC1CC /* Base */ = {isa = PBXFileReference; lastKnownFileType = file.storyboard; name = Base; path = Base.lproj/Main.storyboard; sourceTree = "<group>"; };
		43BC892B1EECB3EB003FC1CC /* Assets.xcassets */ = {isa = PBXFileReference; lastKnownFileType = folder.assetcatalog; path = Assets.xcassets; sourceTree = "<group>"; };
		43BC892E1EECB3EB003FC1CC /* Base */ = {isa = PBXFileReference; lastKnownFileType = file.storyboard; name = Base; path = Base.lproj/LaunchScreen.storyboard; sourceTree = "<group>"; };
		43BC89301EECB3EB003FC1CC /* Info.plist */ = {isa = PBXFileReference; lastKnownFileType = text.plist.xml; path = Info.plist; sourceTree = "<group>"; };
		43BC89351EECB3EB003FC1CC /* ZenTests.xctest */ = {isa = PBXFileReference; explicitFileType = wrapper.cfbundle; includeInIndex = 0; path = ZenTests.xctest; sourceTree = BUILT_PRODUCTS_DIR; };
		43BC89391EECB3EB003FC1CC /* ZenTests.swift */ = {isa = PBXFileReference; lastKnownFileType = sourcecode.swift; path = ZenTests.swift; sourceTree = "<group>"; };
		43BC893B1EECB3EB003FC1CC /* Info.plist */ = {isa = PBXFileReference; lastKnownFileType = text.plist.xml; path = Info.plist; sourceTree = "<group>"; };
		43BC89401EECB3EB003FC1CC /* ZenUITests.xctest */ = {isa = PBXFileReference; explicitFileType = wrapper.cfbundle; includeInIndex = 0; path = ZenUITests.xctest; sourceTree = BUILT_PRODUCTS_DIR; };
		43BC89441EECB3EB003FC1CC /* ZenUITests.swift */ = {isa = PBXFileReference; lastKnownFileType = sourcecode.swift; path = ZenUITests.swift; sourceTree = "<group>"; };
		43BC89461EECB3EB003FC1CC /* Info.plist */ = {isa = PBXFileReference; lastKnownFileType = text.plist.xml; path = Info.plist; sourceTree = "<group>"; };
		43BC89521EECC13B003FC1CC /* GoogleService-Info.plist */ = {isa = PBXFileReference; fileEncoding = 4; lastKnownFileType = text.plist.xml; name = "GoogleService-Info.plist"; path = "../../../../Downloads/GoogleService-Info.plist"; sourceTree = "<group>"; };
		43F2EA7A1EED909300088973 /* PasswordResetViewController.swift */ = {isa = PBXFileReference; fileEncoding = 4; lastKnownFileType = sourcecode.swift; path = PasswordResetViewController.swift; sourceTree = "<group>"; };
		43F2EA7E1EEDA2B500088973 /* AboutViewController.swift */ = {isa = PBXFileReference; fileEncoding = 4; lastKnownFileType = sourcecode.swift; path = AboutViewController.swift; sourceTree = "<group>"; };
		43F30E141EEDF29E009C5D5C /* SettingsViewController.swift */ = {isa = PBXFileReference; fileEncoding = 4; lastKnownFileType = sourcecode.swift; path = SettingsViewController.swift; sourceTree = "<group>"; };
		43FBC7421EECDE1100283477 /* BudgetViewController.swift */ = {isa = PBXFileReference; fileEncoding = 4; lastKnownFileType = sourcecode.swift; path = BudgetViewController.swift; sourceTree = "<group>"; };
		480F9EF8FCEC38FA3B9A0125 /* Pods_ZenUITests.framework */ = {isa = PBXFileReference; explicitFileType = wrapper.framework; includeInIndex = 0; path = Pods_ZenUITests.framework; sourceTree = BUILT_PRODUCTS_DIR; };
		5339B1C18EDAEF2033417B19 /* Pods-Zen.debug.xcconfig */ = {isa = PBXFileReference; includeInIndex = 1; lastKnownFileType = text.xcconfig; name = "Pods-Zen.debug.xcconfig"; path = "Pods/Target Support Files/Pods-Zen/Pods-Zen.debug.xcconfig"; sourceTree = "<group>"; };
		625E57C1D50403DA7D1E44B4 /* Pods-Zen.release.xcconfig */ = {isa = PBXFileReference; includeInIndex = 1; lastKnownFileType = text.xcconfig; name = "Pods-Zen.release.xcconfig"; path = "Pods/Target Support Files/Pods-Zen/Pods-Zen.release.xcconfig"; sourceTree = "<group>"; };
		92FAA58A0B7932FD20A62C9B /* Pods-ZenUITests.debug.xcconfig */ = {isa = PBXFileReference; includeInIndex = 1; lastKnownFileType = text.xcconfig; name = "Pods-ZenUITests.debug.xcconfig"; path = "Pods/Target Support Files/Pods-ZenUITests/Pods-ZenUITests.debug.xcconfig"; sourceTree = "<group>"; };
		953CB40ADA0517E1A2EF2F68 /* Pods-ZenUITests.release.xcconfig */ = {isa = PBXFileReference; includeInIndex = 1; lastKnownFileType = text.xcconfig; name = "Pods-ZenUITests.release.xcconfig"; path = "Pods/Target Support Files/Pods-ZenUITests/Pods-ZenUITests.release.xcconfig"; sourceTree = "<group>"; };
		EA189AB2CC6448911EAC629A /* Pods-ZenTests.release.xcconfig */ = {isa = PBXFileReference; includeInIndex = 1; lastKnownFileType = text.xcconfig; name = "Pods-ZenTests.release.xcconfig"; path = "Pods/Target Support Files/Pods-ZenTests/Pods-ZenTests.release.xcconfig"; sourceTree = "<group>"; };
/* End PBXFileReference section */

/* Begin PBXFrameworksBuildPhase section */
		43BC891E1EECB3EB003FC1CC /* Frameworks */ = {
			isa = PBXFrameworksBuildPhase;
			buildActionMask = 2147483647;
			files = (
				A78C9A671F8B68AB9F873791 /* Pods_Zen.framework in Frameworks */,
			);
			runOnlyForDeploymentPostprocessing = 0;
		};
		43BC89321EECB3EB003FC1CC /* Frameworks */ = {
			isa = PBXFrameworksBuildPhase;
			buildActionMask = 2147483647;
			files = (
				1927F574CCE5FF671720957E /* Pods_ZenTests.framework in Frameworks */,
			);
			runOnlyForDeploymentPostprocessing = 0;
		};
		43BC893D1EECB3EB003FC1CC /* Frameworks */ = {
			isa = PBXFrameworksBuildPhase;
			buildActionMask = 2147483647;
			files = (
				0CC09C98ED60851B88D90451 /* Pods_ZenUITests.framework in Frameworks */,
			);
			runOnlyForDeploymentPostprocessing = 0;
		};
/* End PBXFrameworksBuildPhase section */

/* Begin PBXGroup section */
		116F999F1347B6D3E7DA0AB1 /* Pods */ = {
			isa = PBXGroup;
			children = (
				5339B1C18EDAEF2033417B19 /* Pods-Zen.debug.xcconfig */,
				625E57C1D50403DA7D1E44B4 /* Pods-Zen.release.xcconfig */,
				25E762A5A28B31B024BB874C /* Pods-ZenTests.debug.xcconfig */,
				EA189AB2CC6448911EAC629A /* Pods-ZenTests.release.xcconfig */,
				92FAA58A0B7932FD20A62C9B /* Pods-ZenUITests.debug.xcconfig */,
				953CB40ADA0517E1A2EF2F68 /* Pods-ZenUITests.release.xcconfig */,
			);
			name = Pods;
			sourceTree = "<group>";
		};
		29D57C447936C9BDA0B3136D /* Frameworks */ = {
			isa = PBXGroup;
			children = (
				25552B2254423D5563ED9089 /* Pods_Zen.framework */,
				100E88B8FF036A46423ACE86 /* Pods_ZenTests.framework */,
				480F9EF8FCEC38FA3B9A0125 /* Pods_ZenUITests.framework */,
			);
			name = Frameworks;
			sourceTree = "<group>";
		};
		4307260C1EF09FBF005C78EE /* Login */ = {
			isa = PBXGroup;
			children = (
				43F2EA7E1EEDA2B500088973 /* AboutViewController.swift */,
				43BC89261EECB3EB003FC1CC /* LoginViewController.swift */,
				43F2EA7A1EED909300088973 /* PasswordResetViewController.swift */,
			);
			name = Login;
			sourceTree = "<group>";
		};
		431842F91EF0E17C00D51052 /* Records */ = {
			isa = PBXGroup;
			children = (
				4307260D1EF0A1A5005C78EE /* AddExpenseViewController.swift */,
				4307260F1EF0A1B5005C78EE /* AddIncomeViewController.swift */,
				4308E3111EF03206003DC1D6 /* RecordsViewController.swift */,
			);
			name = Records;
			sourceTree = "<group>";
		};
		438D9B6F1EEF87C500831E32 /* Settings */ = {
			isa = PBXGroup;
			children = (
				438D9B6B1EEF86F200831E32 /* CurrencySelectorViewController.swift */,
				4308E30F1EEF9BA9003DC1D6 /* CycleDurationViewController.swift */,
				43F30E141EEDF29E009C5D5C /* SettingsViewController.swift */,
			);
			name = Settings;
			sourceTree = "<group>";
		};
		43BC89181EECB3EB003FC1CC = {
			isa = PBXGroup;
			children = (
				43BC89231EECB3EB003FC1CC /* Zen */,
				43BC89381EECB3EB003FC1CC /* ZenTests */,
				43BC89431EECB3EB003FC1CC /* ZenUITests */,
				43BC89221EECB3EB003FC1CC /* Products */,
				116F999F1347B6D3E7DA0AB1 /* Pods */,
				29D57C447936C9BDA0B3136D /* Frameworks */,
			);
			sourceTree = "<group>";
		};
		43BC89221EECB3EB003FC1CC /* Products */ = {
			isa = PBXGroup;
			children = (
				43BC89211EECB3EB003FC1CC /* Zen.app */,
				43BC89351EECB3EB003FC1CC /* ZenTests.xctest */,
				43BC89401EECB3EB003FC1CC /* ZenUITests.xctest */,
			);
			name = Products;
			sourceTree = "<group>";
		};
		43BC89231EECB3EB003FC1CC /* Zen */ = {
			isa = PBXGroup;
			children = (
				43BC89241EECB3EB003FC1CC /* AppDelegate.swift */,
				4307260C1EF09FBF005C78EE /* Login */,
				431842F91EF0E17C00D51052 /* Records */,
				438D9B6F1EEF87C500831E32 /* Settings */,
				43FBC7421EECDE1100283477 /* BudgetViewController.swift */,
				43BC892D1EECB3EB003FC1CC /* LaunchScreen.storyboard */,
				43BC89281EECB3EB003FC1CC /* Main.storyboard */,
				43BC892B1EECB3EB003FC1CC /* Assets.xcassets */,
				43BC89301EECB3EB003FC1CC /* Info.plist */,
				43BC89521EECC13B003FC1CC /* GoogleService-Info.plist */,
			);
			path = Zen;
			sourceTree = "<group>";
		};
		43BC89381EECB3EB003FC1CC /* ZenTests */ = {
			isa = PBXGroup;
			children = (
				43BC89391EECB3EB003FC1CC /* ZenTests.swift */,
				43BC893B1EECB3EB003FC1CC /* Info.plist */,
			);
			path = ZenTests;
			sourceTree = "<group>";
		};
		43BC89431EECB3EB003FC1CC /* ZenUITests */ = {
			isa = PBXGroup;
			children = (
				43BC89441EECB3EB003FC1CC /* ZenUITests.swift */,
				43BC89461EECB3EB003FC1CC /* Info.plist */,
			);
			path = ZenUITests;
			sourceTree = "<group>";
		};
/* End PBXGroup section */

/* Begin PBXNativeTarget section */
		43BC89201EECB3EB003FC1CC /* Zen */ = {
			isa = PBXNativeTarget;
			buildConfigurationList = 43BC89491EECB3EB003FC1CC /* Build configuration list for PBXNativeTarget "Zen" */;
			buildPhases = (
				E4A5B6F0E4311635EC8D5B5A /* [CP] Check Pods Manifest.lock */,
				43BC891D1EECB3EB003FC1CC /* Sources */,
				43BC891E1EECB3EB003FC1CC /* Frameworks */,
				43BC891F1EECB3EB003FC1CC /* Resources */,
				6320FF27FD3A4EA405961052 /* [CP] Embed Pods Frameworks */,
				D155C3A464A6A6399FAAD503 /* [CP] Copy Pods Resources */,
			);
			buildRules = (
			);
			dependencies = (
			);
			name = Zen;
			productName = Zen;
			productReference = 43BC89211EECB3EB003FC1CC /* Zen.app */;
			productType = "com.apple.product-type.application";
		};
		43BC89341EECB3EB003FC1CC /* ZenTests */ = {
			isa = PBXNativeTarget;
			buildConfigurationList = 43BC894C1EECB3EB003FC1CC /* Build configuration list for PBXNativeTarget "ZenTests" */;
			buildPhases = (
				07E4C10E18953F2DD0117A73 /* [CP] Check Pods Manifest.lock */,
				43BC89311EECB3EB003FC1CC /* Sources */,
				43BC89321EECB3EB003FC1CC /* Frameworks */,
				43BC89331EECB3EB003FC1CC /* Resources */,
				CAB13A1F1E5FD950DF76B5ED /* [CP] Embed Pods Frameworks */,
				C51FACE01BB680F5BC51211E /* [CP] Copy Pods Resources */,
			);
			buildRules = (
			);
			dependencies = (
				43BC89371EECB3EB003FC1CC /* PBXTargetDependency */,
			);
			name = ZenTests;
			productName = ZenTests;
			productReference = 43BC89351EECB3EB003FC1CC /* ZenTests.xctest */;
			productType = "com.apple.product-type.bundle.unit-test";
		};
		43BC893F1EECB3EB003FC1CC /* ZenUITests */ = {
			isa = PBXNativeTarget;
			buildConfigurationList = 43BC894F1EECB3EB003FC1CC /* Build configuration list for PBXNativeTarget "ZenUITests" */;
			buildPhases = (
				8BD38E72A5906208A527647F /* [CP] Check Pods Manifest.lock */,
				43BC893C1EECB3EB003FC1CC /* Sources */,
				43BC893D1EECB3EB003FC1CC /* Frameworks */,
				43BC893E1EECB3EB003FC1CC /* Resources */,
				DD4D60C63BB14BBFDFD8E975 /* [CP] Embed Pods Frameworks */,
				92C5D4E4939AEF949E3ACB11 /* [CP] Copy Pods Resources */,
			);
			buildRules = (
			);
			dependencies = (
				43BC89421EECB3EB003FC1CC /* PBXTargetDependency */,
			);
			name = ZenUITests;
			productName = ZenUITests;
			productReference = 43BC89401EECB3EB003FC1CC /* ZenUITests.xctest */;
			productType = "com.apple.product-type.bundle.ui-testing";
		};
/* End PBXNativeTarget section */

/* Begin PBXProject section */
		43BC89191EECB3EB003FC1CC /* Project object */ = {
			isa = PBXProject;
			attributes = {
				LastSwiftUpdateCheck = 0830;
				LastUpgradeCheck = 0830;
				ORGANIZATIONNAME = "Nathan Scott";
				TargetAttributes = {
					43BC89201EECB3EB003FC1CC = {
						CreatedOnToolsVersion = 8.3.3;
						DevelopmentTeam = BK4QFR4NHH;
						ProvisioningStyle = Automatic;
					};
					43BC89341EECB3EB003FC1CC = {
						CreatedOnToolsVersion = 8.3.3;
						DevelopmentTeam = BK4QFR4NHH;
						ProvisioningStyle = Automatic;
						TestTargetID = 43BC89201EECB3EB003FC1CC;
					};
					43BC893F1EECB3EB003FC1CC = {
						CreatedOnToolsVersion = 8.3.3;
						DevelopmentTeam = BK4QFR4NHH;
						ProvisioningStyle = Automatic;
						TestTargetID = 43BC89201EECB3EB003FC1CC;
					};
				};
			};
			buildConfigurationList = 43BC891C1EECB3EB003FC1CC /* Build configuration list for PBXProject "Zen" */;
			compatibilityVersion = "Xcode 3.2";
			developmentRegion = English;
			hasScannedForEncodings = 0;
			knownRegions = (
				en,
				Base,
			);
			mainGroup = 43BC89181EECB3EB003FC1CC;
			productRefGroup = 43BC89221EECB3EB003FC1CC /* Products */;
			projectDirPath = "";
			projectRoot = "";
			targets = (
				43BC89201EECB3EB003FC1CC /* Zen */,
				43BC89341EECB3EB003FC1CC /* ZenTests */,
				43BC893F1EECB3EB003FC1CC /* ZenUITests */,
			);
		};
/* End PBXProject section */

/* Begin PBXResourcesBuildPhase section */
		43BC891F1EECB3EB003FC1CC /* Resources */ = {
			isa = PBXResourcesBuildPhase;
			buildActionMask = 2147483647;
			files = (
				43BC892F1EECB3EB003FC1CC /* LaunchScreen.storyboard in Resources */,
				43BC89531EECC13B003FC1CC /* GoogleService-Info.plist in Resources */,
				43BC892C1EECB3EB003FC1CC /* Assets.xcassets in Resources */,
				43BC892A1EECB3EB003FC1CC /* Main.storyboard in Resources */,
			);
			runOnlyForDeploymentPostprocessing = 0;
		};
		43BC89331EECB3EB003FC1CC /* Resources */ = {
			isa = PBXResourcesBuildPhase;
			buildActionMask = 2147483647;
			files = (
				43BC89541EECC13B003FC1CC /* GoogleService-Info.plist in Resources */,
			);
			runOnlyForDeploymentPostprocessing = 0;
		};
		43BC893E1EECB3EB003FC1CC /* Resources */ = {
			isa = PBXResourcesBuildPhase;
			buildActionMask = 2147483647;
			files = (
				43BC89551EECC13B003FC1CC /* GoogleService-Info.plist in Resources */,
			);
			runOnlyForDeploymentPostprocessing = 0;
		};
/* End PBXResourcesBuildPhase section */

/* Begin PBXShellScriptBuildPhase section */
		07E4C10E18953F2DD0117A73 /* [CP] Check Pods Manifest.lock */ = {
			isa = PBXShellScriptBuildPhase;
			buildActionMask = 2147483647;
			files = (
			);
			inputPaths = (
			);
			name = "[CP] Check Pods Manifest.lock";
			outputPaths = (
			);
			runOnlyForDeploymentPostprocessing = 0;
			shellPath = /bin/sh;
			shellScript = "diff \"${PODS_PODFILE_DIR_PATH}/Podfile.lock\" \"${PODS_ROOT}/Manifest.lock\" > /dev/null\nif [ $? != 0 ] ; then\n    # print error to STDERR\n    echo \"error: The sandbox is not in sync with the Podfile.lock. Run 'pod install' or update your CocoaPods installation.\" >&2\n    exit 1\nfi\n";
			showEnvVarsInLog = 0;
		};
		6320FF27FD3A4EA405961052 /* [CP] Embed Pods Frameworks */ = {
			isa = PBXShellScriptBuildPhase;
			buildActionMask = 2147483647;
			files = (
			);
			inputPaths = (
			);
			name = "[CP] Embed Pods Frameworks";
			outputPaths = (
			);
			runOnlyForDeploymentPostprocessing = 0;
			shellPath = /bin/sh;
			shellScript = "\"${SRCROOT}/Pods/Target Support Files/Pods-Zen/Pods-Zen-frameworks.sh\"\n";
			showEnvVarsInLog = 0;
		};
		8BD38E72A5906208A527647F /* [CP] Check Pods Manifest.lock */ = {
			isa = PBXShellScriptBuildPhase;
			buildActionMask = 2147483647;
			files = (
			);
			inputPaths = (
			);
			name = "[CP] Check Pods Manifest.lock";
			outputPaths = (
			);
			runOnlyForDeploymentPostprocessing = 0;
			shellPath = /bin/sh;
			shellScript = "diff \"${PODS_PODFILE_DIR_PATH}/Podfile.lock\" \"${PODS_ROOT}/Manifest.lock\" > /dev/null\nif [ $? != 0 ] ; then\n    # print error to STDERR\n    echo \"error: The sandbox is not in sync with the Podfile.lock. Run 'pod install' or update your CocoaPods installation.\" >&2\n    exit 1\nfi\n";
			showEnvVarsInLog = 0;
		};
		92C5D4E4939AEF949E3ACB11 /* [CP] Copy Pods Resources */ = {
			isa = PBXShellScriptBuildPhase;
			buildActionMask = 2147483647;
			files = (
			);
			inputPaths = (
			);
			name = "[CP] Copy Pods Resources";
			outputPaths = (
			);
			runOnlyForDeploymentPostprocessing = 0;
			shellPath = /bin/sh;
			shellScript = "\"${SRCROOT}/Pods/Target Support Files/Pods-ZenUITests/Pods-ZenUITests-resources.sh\"\n";
			showEnvVarsInLog = 0;
		};
		C51FACE01BB680F5BC51211E /* [CP] Copy Pods Resources */ = {
			isa = PBXShellScriptBuildPhase;
			buildActionMask = 2147483647;
			files = (
			);
			inputPaths = (
			);
			name = "[CP] Copy Pods Resources";
			outputPaths = (
			);
			runOnlyForDeploymentPostprocessing = 0;
			shellPath = /bin/sh;
			shellScript = "\"${SRCROOT}/Pods/Target Support Files/Pods-ZenTests/Pods-ZenTests-resources.sh\"\n";
			showEnvVarsInLog = 0;
		};
		CAB13A1F1E5FD950DF76B5ED /* [CP] Embed Pods Frameworks */ = {
			isa = PBXShellScriptBuildPhase;
			buildActionMask = 2147483647;
			files = (
			);
			inputPaths = (
			);
			name = "[CP] Embed Pods Frameworks";
			outputPaths = (
			);
			runOnlyForDeploymentPostprocessing = 0;
			shellPath = /bin/sh;
			shellScript = "\"${SRCROOT}/Pods/Target Support Files/Pods-ZenTests/Pods-ZenTests-frameworks.sh\"\n";
			showEnvVarsInLog = 0;
		};
		D155C3A464A6A6399FAAD503 /* [CP] Copy Pods Resources */ = {
			isa = PBXShellScriptBuildPhase;
			buildActionMask = 2147483647;
			files = (
			);
			inputPaths = (
			);
			name = "[CP] Copy Pods Resources";
			outputPaths = (
			);
			runOnlyForDeploymentPostprocessing = 0;
			shellPath = /bin/sh;
			shellScript = "\"${SRCROOT}/Pods/Target Support Files/Pods-Zen/Pods-Zen-resources.sh\"\n";
			showEnvVarsInLog = 0;
		};
		DD4D60C63BB14BBFDFD8E975 /* [CP] Embed Pods Frameworks */ = {
			isa = PBXShellScriptBuildPhase;
			buildActionMask = 2147483647;
			files = (
			);
			inputPaths = (
			);
			name = "[CP] Embed Pods Frameworks";
			outputPaths = (
			);
			runOnlyForDeploymentPostprocessing = 0;
			shellPath = /bin/sh;
			shellScript = "\"${SRCROOT}/Pods/Target Support Files/Pods-ZenUITests/Pods-ZenUITests-frameworks.sh\"\n";
			showEnvVarsInLog = 0;
		};
		E4A5B6F0E4311635EC8D5B5A /* [CP] Check Pods Manifest.lock */ = {
			isa = PBXShellScriptBuildPhase;
			buildActionMask = 2147483647;
			files = (
			);
			inputPaths = (
			);
			name = "[CP] Check Pods Manifest.lock";
			outputPaths = (
			);
			runOnlyForDeploymentPostprocessing = 0;
			shellPath = /bin/sh;
			shellScript = "diff \"${PODS_PODFILE_DIR_PATH}/Podfile.lock\" \"${PODS_ROOT}/Manifest.lock\" > /dev/null\nif [ $? != 0 ] ; then\n    # print error to STDERR\n    echo \"error: The sandbox is not in sync with the Podfile.lock. Run 'pod install' or update your CocoaPods installation.\" >&2\n    exit 1\nfi\n";
			showEnvVarsInLog = 0;
		};
/* End PBXShellScriptBuildPhase section */

/* Begin PBXSourcesBuildPhase section */
		43BC891D1EECB3EB003FC1CC /* Sources */ = {
			isa = PBXSourcesBuildPhase;
			buildActionMask = 2147483647;
			files = (
				43BC89271EECB3EB003FC1CC /* LoginViewController.swift in Sources */,
				43FBC7431EECDE1100283477 /* BudgetViewController.swift in Sources */,
				4308E3121EF03206003DC1D6 /* RecordsViewController.swift in Sources */,
				43BC89251EECB3EB003FC1CC /* AppDelegate.swift in Sources */,
				4308E3101EEF9BA9003DC1D6 /* CycleDurationViewController.swift in Sources */,
				438D9B6C1EEF86F200831E32 /* CurrencySelectorViewController.swift in Sources */,
				43F2EA7F1EEDA2B500088973 /* AboutViewController.swift in Sources */,
				4307260E1EF0A1A5005C78EE /* AddExpenseViewController.swift in Sources */,
				430726101EF0A1B5005C78EE /* AddIncomeViewController.swift in Sources */,
				43F2EA7B1EED909300088973 /* PasswordResetViewController.swift in Sources */,
				43F30E151EEDF29E009C5D5C /* SettingsViewController.swift in Sources */,
			);
			runOnlyForDeploymentPostprocessing = 0;
		};
		43BC89311EECB3EB003FC1CC /* Sources */ = {
			isa = PBXSourcesBuildPhase;
			buildActionMask = 2147483647;
			files = (
				43BC893A1EECB3EB003FC1CC /* ZenTests.swift in Sources */,
			);
			runOnlyForDeploymentPostprocessing = 0;
		};
		43BC893C1EECB3EB003FC1CC /* Sources */ = {
			isa = PBXSourcesBuildPhase;
			buildActionMask = 2147483647;
			files = (
				43BC89451EECB3EB003FC1CC /* ZenUITests.swift in Sources */,
			);
			runOnlyForDeploymentPostprocessing = 0;
		};
/* End PBXSourcesBuildPhase section */

/* Begin PBXTargetDependency section */
		43BC89371EECB3EB003FC1CC /* PBXTargetDependency */ = {
			isa = PBXTargetDependency;
			target = 43BC89201EECB3EB003FC1CC /* Zen */;
			targetProxy = 43BC89361EECB3EB003FC1CC /* PBXContainerItemProxy */;
		};
		43BC89421EECB3EB003FC1CC /* PBXTargetDependency */ = {
			isa = PBXTargetDependency;
			target = 43BC89201EECB3EB003FC1CC /* Zen */;
			targetProxy = 43BC89411EECB3EB003FC1CC /* PBXContainerItemProxy */;
		};
/* End PBXTargetDependency section */

/* Begin PBXVariantGroup section */
		43BC89281EECB3EB003FC1CC /* Main.storyboard */ = {
			isa = PBXVariantGroup;
			children = (
				43BC89291EECB3EB003FC1CC /* Base */,
			);
			name = Main.storyboard;
			sourceTree = "<group>";
		};
		43BC892D1EECB3EB003FC1CC /* LaunchScreen.storyboard */ = {
			isa = PBXVariantGroup;
			children = (
				43BC892E1EECB3EB003FC1CC /* Base */,
			);
			name = LaunchScreen.storyboard;
			sourceTree = "<group>";
		};
/* End PBXVariantGroup section */

/* Begin XCBuildConfiguration section */
		43BC89471EECB3EB003FC1CC /* Debug */ = {
			isa = XCBuildConfiguration;
			buildSettings = {
				ALWAYS_SEARCH_USER_PATHS = NO;
				CLANG_ANALYZER_NONNULL = YES;
				CLANG_ANALYZER_NUMBER_OBJECT_CONVERSION = YES_AGGRESSIVE;
				CLANG_CXX_LANGUAGE_STANDARD = "gnu++0x";
				CLANG_CXX_LIBRARY = "libc++";
				CLANG_ENABLE_MODULES = YES;
				CLANG_ENABLE_OBJC_ARC = YES;
				CLANG_WARN_BOOL_CONVERSION = YES;
				CLANG_WARN_CONSTANT_CONVERSION = YES;
				CLANG_WARN_DIRECT_OBJC_ISA_USAGE = YES_ERROR;
				CLANG_WARN_DOCUMENTATION_COMMENTS = YES;
				CLANG_WARN_EMPTY_BODY = YES;
				CLANG_WARN_ENUM_CONVERSION = YES;
				CLANG_WARN_INFINITE_RECURSION = YES;
				CLANG_WARN_INT_CONVERSION = YES;
				CLANG_WARN_OBJC_ROOT_CLASS = YES_ERROR;
				CLANG_WARN_SUSPICIOUS_MOVE = YES;
				CLANG_WARN_UNREACHABLE_CODE = YES;
				CLANG_WARN__DUPLICATE_METHOD_MATCH = YES;
				"CODE_SIGN_IDENTITY[sdk=iphoneos*]" = "iPhone Developer";
				COPY_PHASE_STRIP = NO;
				DEBUG_INFORMATION_FORMAT = dwarf;
				ENABLE_STRICT_OBJC_MSGSEND = YES;
				ENABLE_TESTABILITY = YES;
				GCC_C_LANGUAGE_STANDARD = gnu99;
				GCC_DYNAMIC_NO_PIC = NO;
				GCC_NO_COMMON_BLOCKS = YES;
				GCC_OPTIMIZATION_LEVEL = 0;
				GCC_PREPROCESSOR_DEFINITIONS = (
					"DEBUG=1",
					"$(inherited)",
				);
				GCC_WARN_64_TO_32_BIT_CONVERSION = YES;
				GCC_WARN_ABOUT_RETURN_TYPE = YES_ERROR;
				GCC_WARN_UNDECLARED_SELECTOR = YES;
				GCC_WARN_UNINITIALIZED_AUTOS = YES_AGGRESSIVE;
				GCC_WARN_UNUSED_FUNCTION = YES;
				GCC_WARN_UNUSED_VARIABLE = YES;
				IPHONEOS_DEPLOYMENT_TARGET = 10.3;
				MTL_ENABLE_DEBUG_INFO = YES;
				ONLY_ACTIVE_ARCH = YES;
				SDKROOT = iphoneos;
				SWIFT_ACTIVE_COMPILATION_CONDITIONS = DEBUG;
				SWIFT_OPTIMIZATION_LEVEL = "-Onone";
				TARGETED_DEVICE_FAMILY = "1,2";
			};
			name = Debug;
		};
		43BC89481EECB3EB003FC1CC /* Release */ = {
			isa = XCBuildConfiguration;
			buildSettings = {
				ALWAYS_SEARCH_USER_PATHS = NO;
				CLANG_ANALYZER_NONNULL = YES;
				CLANG_ANALYZER_NUMBER_OBJECT_CONVERSION = YES_AGGRESSIVE;
				CLANG_CXX_LANGUAGE_STANDARD = "gnu++0x";
				CLANG_CXX_LIBRARY = "libc++";
				CLANG_ENABLE_MODULES = YES;
				CLANG_ENABLE_OBJC_ARC = YES;
				CLANG_WARN_BOOL_CONVERSION = YES;
				CLANG_WARN_CONSTANT_CONVERSION = YES;
				CLANG_WARN_DIRECT_OBJC_ISA_USAGE = YES_ERROR;
				CLANG_WARN_DOCUMENTATION_COMMENTS = YES;
				CLANG_WARN_EMPTY_BODY = YES;
				CLANG_WARN_ENUM_CONVERSION = YES;
				CLANG_WARN_INFINITE_RECURSION = YES;
				CLANG_WARN_INT_CONVERSION = YES;
				CLANG_WARN_OBJC_ROOT_CLASS = YES_ERROR;
				CLANG_WARN_SUSPICIOUS_MOVE = YES;
				CLANG_WARN_UNREACHABLE_CODE = YES;
				CLANG_WARN__DUPLICATE_METHOD_MATCH = YES;
				"CODE_SIGN_IDENTITY[sdk=iphoneos*]" = "iPhone Developer";
				COPY_PHASE_STRIP = NO;
				DEBUG_INFORMATION_FORMAT = "dwarf-with-dsym";
				ENABLE_NS_ASSERTIONS = NO;
				ENABLE_STRICT_OBJC_MSGSEND = YES;
				GCC_C_LANGUAGE_STANDARD = gnu99;
				GCC_NO_COMMON_BLOCKS = YES;
				GCC_WARN_64_TO_32_BIT_CONVERSION = YES;
				GCC_WARN_ABOUT_RETURN_TYPE = YES_ERROR;
				GCC_WARN_UNDECLARED_SELECTOR = YES;
				GCC_WARN_UNINITIALIZED_AUTOS = YES_AGGRESSIVE;
				GCC_WARN_UNUSED_FUNCTION = YES;
				GCC_WARN_UNUSED_VARIABLE = YES;
				IPHONEOS_DEPLOYMENT_TARGET = 10.3;
				MTL_ENABLE_DEBUG_INFO = NO;
				SDKROOT = iphoneos;
				SWIFT_OPTIMIZATION_LEVEL = "-Owholemodule";
				TARGETED_DEVICE_FAMILY = "1,2";
				VALIDATE_PRODUCT = YES;
			};
			name = Release;
		};
		43BC894A1EECB3EB003FC1CC /* Debug */ = {
			isa = XCBuildConfiguration;
			baseConfigurationReference = 5339B1C18EDAEF2033417B19 /* Pods-Zen.debug.xcconfig */;
			buildSettings = {
				ASSETCATALOG_COMPILER_APPICON_NAME = AppIcon;
				DEVELOPMENT_TEAM = BK4QFR4NHH;
				INFOPLIST_FILE = Zen/Info.plist;
				LD_RUNPATH_SEARCH_PATHS = "$(inherited) @executable_path/Frameworks";
				PRODUCT_BUNDLE_IDENTIFIER = com.scott246.Zen;
				PRODUCT_NAME = "$(TARGET_NAME)";
				SWIFT_VERSION = 3.0;
			};
			name = Debug;
		};
		43BC894B1EECB3EB003FC1CC /* Release */ = {
			isa = XCBuildConfiguration;
			baseConfigurationReference = 625E57C1D50403DA7D1E44B4 /* Pods-Zen.release.xcconfig */;
			buildSettings = {
				ASSETCATALOG_COMPILER_APPICON_NAME = AppIcon;
				DEVELOPMENT_TEAM = BK4QFR4NHH;
				INFOPLIST_FILE = Zen/Info.plist;
				LD_RUNPATH_SEARCH_PATHS = "$(inherited) @executable_path/Frameworks";
				PRODUCT_BUNDLE_IDENTIFIER = com.scott246.Zen;
				PRODUCT_NAME = "$(TARGET_NAME)";
				SWIFT_VERSION = 3.0;
			};
			name = Release;
		};
		43BC894D1EECB3EB003FC1CC /* Debug */ = {
			isa = XCBuildConfiguration;
			baseConfigurationReference = 25E762A5A28B31B024BB874C /* Pods-ZenTests.debug.xcconfig */;
			buildSettings = {
				ALWAYS_EMBED_SWIFT_STANDARD_LIBRARIES = YES;
				BUNDLE_LOADER = "$(TEST_HOST)";
				DEVELOPMENT_TEAM = BK4QFR4NHH;
				INFOPLIST_FILE = ZenTests/Info.plist;
				LD_RUNPATH_SEARCH_PATHS = "$(inherited) @executable_path/Frameworks @loader_path/Frameworks";
				PRODUCT_BUNDLE_IDENTIFIER = com.scott246.ZenTests;
				PRODUCT_NAME = "$(TARGET_NAME)";
				SWIFT_VERSION = 3.0;
				TEST_HOST = "$(BUILT_PRODUCTS_DIR)/Zen.app/Zen";
			};
			name = Debug;
		};
		43BC894E1EECB3EB003FC1CC /* Release */ = {
			isa = XCBuildConfiguration;
			baseConfigurationReference = EA189AB2CC6448911EAC629A /* Pods-ZenTests.release.xcconfig */;
			buildSettings = {
				ALWAYS_EMBED_SWIFT_STANDARD_LIBRARIES = YES;
				BUNDLE_LOADER = "$(TEST_HOST)";
				DEVELOPMENT_TEAM = BK4QFR4NHH;
				INFOPLIST_FILE = ZenTests/Info.plist;
				LD_RUNPATH_SEARCH_PATHS = "$(inherited) @executable_path/Frameworks @loader_path/Frameworks";
				PRODUCT_BUNDLE_IDENTIFIER = com.scott246.ZenTests;
				PRODUCT_NAME = "$(TARGET_NAME)";
				SWIFT_VERSION = 3.0;
				TEST_HOST = "$(BUILT_PRODUCTS_DIR)/Zen.app/Zen";
			};
			name = Release;
		};
		43BC89501EECB3EB003FC1CC /* Debug */ = {
			isa = XCBuildConfiguration;
			baseConfigurationReference = 92FAA58A0B7932FD20A62C9B /* Pods-ZenUITests.debug.xcconfig */;
			buildSettings = {
				ALWAYS_EMBED_SWIFT_STANDARD_LIBRARIES = YES;
				DEVELOPMENT_TEAM = BK4QFR4NHH;
				INFOPLIST_FILE = ZenUITests/Info.plist;
				LD_RUNPATH_SEARCH_PATHS = "$(inherited) @executable_path/Frameworks @loader_path/Frameworks";
				PRODUCT_BUNDLE_IDENTIFIER = com.scott246.ZenUITests;
				PRODUCT_NAME = "$(TARGET_NAME)";
				SWIFT_VERSION = 3.0;
				TEST_TARGET_NAME = Zen;
			};
			name = Debug;
		};
		43BC89511EECB3EB003FC1CC /* Release */ = {
			isa = XCBuildConfiguration;
			baseConfigurationReference = 953CB40ADA0517E1A2EF2F68 /* Pods-ZenUITests.release.xcconfig */;
			buildSettings = {
				ALWAYS_EMBED_SWIFT_STANDARD_LIBRARIES = YES;
				DEVELOPMENT_TEAM = BK4QFR4NHH;
				INFOPLIST_FILE = ZenUITests/Info.plist;
				LD_RUNPATH_SEARCH_PATHS = "$(inherited) @executable_path/Frameworks @loader_path/Frameworks";
				PRODUCT_BUNDLE_IDENTIFIER = com.scott246.ZenUITests;
				PRODUCT_NAME = "$(TARGET_NAME)";
				SWIFT_VERSION = 3.0;
				TEST_TARGET_NAME = Zen;
			};
			name = Release;
		};
/* End XCBuildConfiguration section */

/* Begin XCConfigurationList section */
		43BC891C1EECB3EB003FC1CC /* Build configuration list for PBXProject "Zen" */ = {
			isa = XCConfigurationList;
			buildConfigurations = (
				43BC89471EECB3EB003FC1CC /* Debug */,
				43BC89481EECB3EB003FC1CC /* Release */,
			);
			defaultConfigurationIsVisible = 0;
			defaultConfigurationName = Release;
		};
		43BC89491EECB3EB003FC1CC /* Build configuration list for PBXNativeTarget "Zen" */ = {
			isa = XCConfigurationList;
			buildConfigurations = (
				43BC894A1EECB3EB003FC1CC /* Debug */,
				43BC894B1EECB3EB003FC1CC /* Release */,
			);
			defaultConfigurationIsVisible = 0;
			defaultConfigurationName = Release;
		};
		43BC894C1EECB3EB003FC1CC /* Build configuration list for PBXNativeTarget "ZenTests" */ = {
			isa = XCConfigurationList;
			buildConfigurations = (
				43BC894D1EECB3EB003FC1CC /* Debug */,
				43BC894E1EECB3EB003FC1CC /* Release */,
			);
			defaultConfigurationIsVisible = 0;
			defaultConfigurationName = Release;
		};
		43BC894F1EECB3EB003FC1CC /* Build configuration list for PBXNativeTarget "ZenUITests" */ = {
			isa = XCConfigurationList;
			buildConfigurations = (
				43BC89501EECB3EB003FC1CC /* Debug */,
				43BC89511EECB3EB003FC1CC /* Release */,
			);
			defaultConfigurationIsVisible = 0;
			defaultConfigurationName = Release;
		};
/* End XCConfigurationList section */
	};
	rootObject = 43BC89191EECB3EB003FC1CC /* Project object */;
}
